<?xml version="1.0" encoding="UTF-8"?>
<!DOCTYPE plist PUBLIC "-//Apple//DTD PLIST 1.0//EN" "http://www.apple.com/DTDs/PropertyList-1.0.dtd">
<plist version="1.0">
<dict>
	<key>archiveVersion</key>
	<string>1</string>
	<key>classes</key>
	<dict/>
	<key>objectVersion</key>
	<string>46</string>
	<key>objects</key>
	<dict>
		<key>094E6468BB944A439AA3B661</key>
		<dict>
			<key>includeInIndex</key>
			<string>1</string>
			<key>isa</key>
			<string>PBXFileReference</string>
			<key>name</key>
			<string>ConversionFormViewController.xib</string>
			<key>path</key>
			<string>src/ConversionFormViewController.xib</string>
			<key>sourceTree</key>
			<string>SOURCE_ROOT</string>
		</dict>
		<key>141B3F2047E64CB2A069EE2F</key>
		<dict>
			<key>buildActionMask</key>
			<string>2147483647</string>
			<key>files</key>
			<array/>
			<key>inputPaths</key>
			<array/>
			<key>isa</key>
			<string>PBXShellScriptBuildPhase</string>
			<key>name</key>
			<string>Copy Pods Resources</string>
			<key>outputPaths</key>
			<array/>
			<key>runOnlyForDeploymentPostprocessing</key>
			<string>0</string>
			<key>shellPath</key>
			<string>/bin/sh</string>
			<key>shellScript</key>
			<string>"${SRCROOT}/Pods/Pods-resources.sh"
</string>
		</dict>
		<key>142DD960AEC140308F57FD7C</key>
		<dict>
			<key>explicitFileType</key>
			<string>archive.ar</string>
			<key>includeInIndex</key>
			<string>0</string>
			<key>isa</key>
			<string>PBXFileReference</string>
			<key>name</key>
			<string>libparoles.a</string>
			<key>path</key>
			<string>libparoles.a</string>
			<key>sourceTree</key>
			<string>BUILT_PRODUCTS_DIR</string>
		</dict>
		<key>1656028322174E81B5320F35</key>
		<dict>
			<key>fileRef</key>
			<string>60AC2410BF824231BEFE80E4</string>
			<key>isa</key>
			<string>PBXBuildFile</string>
		</dict>
		<key>18ABB43B4FD3419EA2DF18C6</key>
		<dict>
			<key>fileRef</key>
			<string>094E6468BB944A439AA3B661</string>
			<key>isa</key>
			<string>PBXBuildFile</string>
		</dict>
		<key>20D4C54200E54B128F5CBF74</key>
		<dict>
			<key>buildActionMask</key>
			<string>2147483647</string>
			<key>files</key>
			<array>
				<string>FE3FF5EF4B384AE081A6D3D7</string>
				<string>951DE1F0770048C787428FCE</string>
				<string>706E13494D0A40FA91795C70</string>
				<string>F9345ADFB8524FE6B4D59668</string>
			</array>
			<key>isa</key>
			<string>PBXFrameworksBuildPhase</string>
			<key>runOnlyForDeploymentPostprocessing</key>
			<string>0</string>
		</dict>
		<key>2626A155946149D9A6CB4E11</key>
		<dict>
			<key>includeInIndex</key>
			<string>1</string>
			<key>isa</key>
			<string>PBXFileReference</string>
			<key>name</key>
			<string>paroles-Info.plist</string>
			<key>path</key>
			<string>src/paroles-Info.plist</string>
			<key>sourceTree</key>
			<string>SOURCE_ROOT</string>
		</dict>
		<key>2C8C4E5E21A34B0481920276</key>
		<dict>
			<key>buildActionMask</key>
			<string>2147483647</string>
			<key>files</key>
			<array>
				<string>48D73DAA3C4A4B63A86B9455</string>
				<string>C4E63C0C435D40939351BE33</string>
				<string>18ABB43B4FD3419EA2DF18C6</string>
				<string>3369E1B54F7B4942B9A2C774</string>
				<string>6C767F97854942E681CB3C98</string>
				<string>37C8017D47874F17AC9AFA60</string>
				<string>E2C91A8375F3487D941C90FB</string>
			</array>
			<key>isa</key>
			<string>PBXSourcesBuildPhase</string>
			<key>runOnlyForDeploymentPostprocessing</key>
			<string>0</string>
		</dict>
		<key>2E44A526AF194F968BC3C24F</key>
		<dict>
			<key>buildConfigurations</key>
			<array>
				<string>54BFE7B427174CD3BD56E287</string>
				<string>7FBDAEF734894BA9BFCE4D68</string>
			</array>
			<key>defaultConfigurationIsVisible</key>
			<string>0</string>
			<key>defaultConfigurationName</key>
			<string>Release</string>
			<key>isa</key>
			<string>XCConfigurationList</string>
		</dict>
		<key>3369E1B54F7B4942B9A2C774</key>
		<dict>
			<key>fileRef</key>
			<string>C1F02C5C8CF34D4CAD0FD5DE</string>
			<key>isa</key>
			<string>PBXBuildFile</string>
		</dict>
		<key>37C8017D47874F17AC9AFA60</key>
		<dict>
			<key>fileRef</key>
			<string>2626A155946149D9A6CB4E11</string>
			<key>isa</key>
			<string>PBXBuildFile</string>
		</dict>
		<key>4763563E5EC8472B8E255EC7</key>
		<dict>
			<key>includeInIndex</key>
			<string>1</string>
			<key>isa</key>
			<string>PBXFileReference</string>
			<key>name</key>
			<string>ConversionFormViewController.m</string>
			<key>path</key>
			<string>src/ConversionFormViewController.m</string>
			<key>sourceTree</key>
			<string>SOURCE_ROOT</string>
		</dict>
		<key>48D73DAA3C4A4B63A86B9455</key>
		<dict>
			<key>fileRef</key>
			<string>F0273FF05A17471399B208ED</string>
			<key>isa</key>
			<string>PBXBuildFile</string>
		</dict>
		<key>52552DFED7194F859D3A1947</key>
		<dict>
			<key>includeInIndex</key>
			<string>1</string>
			<key>isa</key>
			<string>PBXFileReference</string>
			<key>lastKnownFileType</key>
			<string>wrapper.framework</string>
			<key>name</key>
			<string>Foundation.framework</string>
			<key>path</key>
			<string>System/Library/Frameworks/Foundation.framework</string>
			<key>sourceTree</key>
			<string>SDKROOT</string>
		</dict>
		<key>54BFE7B427174CD3BD56E287</key>
		<dict>
			<key>buildSettings</key>
			<dict/>
			<key>isa</key>
			<string>XCBuildConfiguration</string>
			<key>name</key>
			<string>Debug</string>
		</dict>
		<key>578D791F1ED044AEAF39DF37</key>
		<dict>
			<key>baseConfigurationReference</key>
			<string>61130ABD0BCA4AAF83886A47</string>
			<key>buildSettings</key>
			<dict>
				<key>ALWAYS_SEARCH_USER_PATHS</key>
				<string>NO</string>
				<key>ARCHS</key>
				<string>$(ARCHS_STANDARD_32_BIT)</string>
				<key>COPY_PHASE_STRIP</key>
				<string>NO</string>
				<key>GCC_C_LANGUAGE_STANDARD</key>
				<string>gnu99</string>
				<key>GCC_DYNAMIC_NO_PIC</key>
				<string>NO</string>
				<key>GCC_OPTIMIZATION_LEVEL</key>
				<string>0</string>
				<key>GCC_PRECOMPILE_PREFIX_HEADER</key>
				<string>YES</string>
				<key>GCC_PREFIX_HEADER</key>
				<string>src/paroles-Prefix.pch</string>
				<key>GCC_PREPROCESSOR_DEFINITIONS</key>
				<array>
					<string>DEBUG=1</string>
					<string>$(inherited)</string>
				</array>
				<key>GCC_SYMBOLS_PRIVATE_EXTERN</key>
				<string>NO</string>
				<key>GCC_VERSION</key>
				<string>com.apple.compilers.llvm.clang.1_0</string>
				<key>INFOPLIST_FILE</key>
				<string>src/paroles-Info.plist</string>
				<key>IPHONEOS_DEPLOYMENT_TARGET</key>
				<string>5.0</string>
				<key>OTHER_LDFLAGS</key>
				<array>
					<string>-ObjC</string>
					<string>-all_load</string>
				</array>
				<key>PRODUCT_NAME</key>
				<string>$(TARGET_NAME)</string>
				<key>PUBLIC_HEADERS_FOLDER_PATH</key>
				<string>$(TARGET_NAME)</string>
				<key>SDKROOT</key>
				<string>iphoneos</string>
				<key>SKIP_INSTALL</key>
				<string>NO</string>
			</dict>
			<key>isa</key>
			<string>XCBuildConfiguration</string>
			<key>name</key>
			<string>Debug</string>
		</dict>
		<key>588821E47134426E9B9F5AFB</key>
		<dict>
			<key>buildActionMask</key>
			<string>2147483647</string>
			<key>files</key>
			<array/>
			<key>inputPaths</key>
			<array/>
			<key>isa</key>
			<string>PBXShellScriptBuildPhase</string>
			<key>name</key>
			<string>Build Calatrava Kernel &amp; Shell</string>
			<key>outputPaths</key>
			<array/>
			<key>runOnlyForDeploymentPostprocessing</key>
			<string>0</string>
			<key>shellPath</key>
			<string>/bin/sh</string>
			<key>shellScript</key>
			<string>source ${SRCROOT}/../build_env.sh
bundle exec rake ios:xcode:prebuild</string>
		</dict>
		<key>60052C0E215B49EC8F096C2B</key>
		<dict>
			<key>includeInIndex</key>
			<string>1</string>
			<key>isa</key>
			<string>PBXFileReference</string>
			<key>name</key>
			<string>AppDelegate.h</string>
			<key>path</key>
			<string>src/AppDelegate.h</string>
			<key>sourceTree</key>
			<string>SOURCE_ROOT</string>
		</dict>
		<key>60AC2410BF824231BEFE80E4</key>
		<dict>
			<key>includeInIndex</key>
			<string>1</string>
			<key>isa</key>
			<string>PBXFileReference</string>
			<key>lastKnownFileType</key>
			<string>folder</string>
			<key>name</key>
			<string>public</string>
			<key>path</key>
			<string>public</string>
			<key>sourceTree</key>
			<string>SOURCE_ROOT</string>
		</dict>
		<key>61130ABD0BCA4AAF83886A47</key>
		<dict>
			<key>includeInIndex</key>
			<string>1</string>
			<key>isa</key>
			<string>PBXFileReference</string>
			<key>lastKnownFileType</key>
			<string>text.xcconfig</string>
			<key>name</key>
			<string>Pods.xcconfig</string>
			<key>path</key>
			<string>Pods/Pods.xcconfig</string>
			<key>sourceTree</key>
			<string>SOURCE_ROOT</string>
		</dict>
		<key>66A4E40107974933A4EF10E5</key>
		<dict>
			<key>children</key>
			<array>
				<string>142DD960AEC140308F57FD7C</string>
			</array>
			<key>isa</key>
			<string>PBXGroup</string>
			<key>name</key>
			<string>Products</string>
			<key>sourceTree</key>
			<string>&lt;group&gt;</string>
		</dict>
		<key>6C767F97854942E681CB3C98</key>
		<dict>
			<key>fileRef</key>
			<string>8600941EB1924ECCA771C45B</string>
			<key>isa</key>
			<string>PBXBuildFile</string>
		</dict>
		<key>706E13494D0A40FA91795C70</key>
		<dict>
			<key>fileRef</key>
			<string>A64BD792465348E1A5B0D29E</string>
			<key>isa</key>
			<string>PBXBuildFile</string>
		</dict>
		<key>74A1CA38722241179A62236A</key>
		<dict>
			<key>children</key>
			<array>
				<string>52552DFED7194F859D3A1947</string>
				<string>98356BE062494C31B29D006D</string>
				<string>A64BD792465348E1A5B0D29E</string>
				<string>EB1493F8AF2A449EA296966E</string>
			</array>
			<key>isa</key>
			<string>PBXGroup</string>
			<key>name</key>
			<string>Frameworks</string>
			<key>sourceTree</key>
			<string>&lt;group&gt;</string>
		</dict>
		<key>7BBA2D2949914835A586279B</key>
		<dict>
			<key>buildConfigurationList</key>
			<string>CD09130152DC4BD994085634</string>
			<key>buildPhases</key>
			<array>
				<string>588821E47134426E9B9F5AFB</string>
				<string>2C8C4E5E21A34B0481920276</string>
				<string>AC587B573E564933B1498FEF</string>
				<string>20D4C54200E54B128F5CBF74</string>
				<string>E594D050D25940FEBFFF3944</string>
				<string>141B3F2047E64CB2A069EE2F</string>
			</array>
			<key>buildRules</key>
			<array/>
			<key>dependencies</key>
			<array/>
			<key>isa</key>
			<string>PBXNativeTarget</string>
			<key>name</key>
			<string>paroles</string>
			<key>productName</key>
			<string>paroles</string>
			<key>productReference</key>
			<string>142DD960AEC140308F57FD7C</string>
			<key>productType</key>
			<string>com.apple.product-type.application</string>
		</dict>
		<key>7FBDAEF734894BA9BFCE4D68</key>
		<dict>
			<key>buildSettings</key>
			<dict/>
			<key>isa</key>
			<string>XCBuildConfiguration</string>
			<key>name</key>
			<string>Release</string>
		</dict>
		<key>8600941EB1924ECCA771C45B</key>
		<dict>
			<key>includeInIndex</key>
			<string>1</string>
			<key>isa</key>
			<string>PBXFileReference</string>
			<key>name</key>
			<string>main.m</string>
			<key>path</key>
			<string>src/main.m</string>
			<key>sourceTree</key>
			<string>SOURCE_ROOT</string>
		</dict>
		<key>8F9ABA06481542FB9C6BB290</key>
		<dict>
			<key>includeInIndex</key>
			<string>1</string>
			<key>isa</key>
			<string>PBXFileReference</string>
			<key>name</key>
			<string>ConversionFormViewController.h</string>
			<key>path</key>
			<string>src/ConversionFormViewController.h</string>
			<key>sourceTree</key>
			<string>SOURCE_ROOT</string>
		</dict>
		<key>951DE1F0770048C787428FCE</key>
		<dict>
			<key>fileRef</key>
			<string>98356BE062494C31B29D006D</string>
			<key>isa</key>
			<string>PBXBuildFile</string>
		</dict>
		<key>98356BE062494C31B29D006D</key>
		<dict>
			<key>includeInIndex</key>
			<string>1</string>
			<key>isa</key>
			<string>PBXFileReference</string>
			<key>lastKnownFileType</key>
			<string>wrapper.framework</string>
			<key>name</key>
			<string>UIKit.framework</string>
			<key>path</key>
			<string>System/Library/Frameworks/UIKit.framework</string>
			<key>sourceTree</key>
			<string>SDKROOT</string>
		</dict>
		<key>9D1B90DBE7A64FE891C73815</key>
		<dict>
			<key>children</key>
			<array>
				<string>C1F02C5C8CF34D4CAD0FD5DE</string>
			</array>
			<key>isa</key>
			<string>PBXGroup</string>
			<key>name</key>
			<string>en.lproj</string>
			<key>sourceTree</key>
			<string>&lt;group&gt;</string>
		</dict>
		<key>A64BD792465348E1A5B0D29E</key>
		<dict>
			<key>includeInIndex</key>
			<string>1</string>
			<key>isa</key>
			<string>PBXFileReference</string>
			<key>lastKnownFileType</key>
			<string>wrapper.framework</string>
			<key>name</key>
			<string>CoreGraphics.framework</string>
			<key>path</key>
			<string>System/Library/Frameworks/CoreGraphics.framework</string>
			<key>sourceTree</key>
			<string>SDKROOT</string>
		</dict>
		<key>AC587B573E564933B1498FEF</key>
		<dict>
			<key>buildActionMask</key>
			<string>2147483647</string>
			<key>dstPath</key>
			<string>$(PRODUCT_NAME)</string>
			<key>dstSubfolderSpec</key>
			<string>16</string>
			<key>files</key>
			<array>
				<string>F2D2ECFB486C4813BE32B579</string>
				<string>F70F41523F8B4575AFAC7C28</string>
			</array>
			<key>isa</key>
			<string>PBXCopyFilesBuildPhase</string>
			<key>runOnlyForDeploymentPostprocessing</key>
			<string>0</string>
		</dict>
		<key>B5587A0BC4644CCCA7F5667C</key>
		<dict>
			<key>baseConfigurationReference</key>
			<string>61130ABD0BCA4AAF83886A47</string>
			<key>buildSettings</key>
			<dict>
				<key>ALWAYS_SEARCH_USER_PATHS</key>
				<string>NO</string>
				<key>ARCHS</key>
				<string>$(ARCHS_STANDARD_32_BIT)</string>
				<key>COPY_PHASE_STRIP</key>
				<string>YES</string>
				<key>GCC_C_LANGUAGE_STANDARD</key>
				<string>gnu99</string>
				<key>GCC_PRECOMPILE_PREFIX_HEADER</key>
				<string>YES</string>
				<key>GCC_PREFIX_HEADER</key>
				<string>src/paroles-Prefix.pch</string>
				<key>GCC_VERSION</key>
				<string>com.apple.compilers.llvm.clang.1_0</string>
				<key>INFOPLIST_FILE</key>
				<string>src/paroles-Info.plist</string>
				<key>IPHONEOS_DEPLOYMENT_TARGET</key>
				<string>5.0</string>
				<key>OTHER_LDFLAGS</key>
				<array>
					<string>-ObjC</string>
					<string>-all_load</string>
				</array>
				<key>PRODUCT_NAME</key>
				<string>$(TARGET_NAME)</string>
				<key>PUBLIC_HEADERS_FOLDER_PATH</key>
				<string>$(TARGET_NAME)</string>
				<key>SDKROOT</key>
				<string>iphoneos</string>
				<key>SKIP_INSTALL</key>
				<string>NO</string>
				<key>VALIDATE_PRODUCT</key>
				<string>YES</string>
			</dict>
			<key>isa</key>
			<string>XCBuildConfiguration</string>
			<key>name</key>
			<string>Release</string>
		</dict>
		<key>C1F02C5C8CF34D4CAD0FD5DE</key>
		<dict>
			<key>includeInIndex</key>
			<string>1</string>
			<key>isa</key>
			<string>PBXFileReference</string>
			<key>name</key>
			<string>InfoPlist.strings</string>
			<key>path</key>
			<string>src/en.lproj/InfoPlist.strings</string>
			<key>sourceTree</key>
			<string>SOURCE_ROOT</string>
		</dict>
		<key>C4E63C0C435D40939351BE33</key>
		<dict>
			<key>fileRef</key>
			<string>4763563E5EC8472B8E255EC7</string>
			<key>isa</key>
			<string>PBXBuildFile</string>
		</dict>
		<key>C84D5A4B77F3432FAA40A932</key>
		<dict>
			<key>includeInIndex</key>
			<string>1</string>
			<key>isa</key>
			<string>PBXFileReference</string>
			<key>name</key>
			<string>paroles-Prefix.pch</string>
			<key>path</key>
			<string>src/paroles-Prefix.pch</string>
			<key>sourceTree</key>
			<string>SOURCE_ROOT</string>
		</dict>
		<key>CD09130152DC4BD994085634</key>
		<dict>
			<key>buildConfigurations</key>
			<array>
				<string>578D791F1ED044AEAF39DF37</string>
				<string>B5587A0BC4644CCCA7F5667C</string>
			</array>
			<key>defaultConfigurationIsVisible</key>
			<string>0</string>
			<key>defaultConfigurationName</key>
			<string>Release</string>
			<key>isa</key>
			<string>XCConfigurationList</string>
		</dict>
		<key>DDFC6D157B6E4AC3A84C304C</key>
		<dict>
			<key>children</key>
			<array>
				<string>66A4E40107974933A4EF10E5</string>
				<string>74A1CA38722241179A62236A</string>
				<string>60052C0E215B49EC8F096C2B</string>
				<string>F0273FF05A17471399B208ED</string>
				<string>8F9ABA06481542FB9C6BB290</string>
				<string>4763563E5EC8472B8E255EC7</string>
				<string>094E6468BB944A439AA3B661</string>
				<string>9D1B90DBE7A64FE891C73815</string>
				<string>8600941EB1924ECCA771C45B</string>
				<string>2626A155946149D9A6CB4E11</string>
				<string>C84D5A4B77F3432FAA40A932</string>
				<string>60AC2410BF824231BEFE80E4</string>
				<string>61130ABD0BCA4AAF83886A47</string>
			</array>
			<key>isa</key>
			<string>PBXGroup</string>
			<key>sourceTree</key>
			<string>&lt;group&gt;</string>
		</dict>
		<key>E2C91A8375F3487D941C90FB</key>
		<dict>
			<key>fileRef</key>
			<string>C84D5A4B77F3432FAA40A932</string>
			<key>isa</key>
			<string>PBXBuildFile</string>
		</dict>
		<key>E594D050D25940FEBFFF3944</key>
		<dict>
			<key>buildActionMask</key>
			<string>2147483647</string>
			<key>files</key>
			<array>
				<string>1656028322174E81B5320F35</string>
			</array>
			<key>isa</key>
			<string>PBXResourcesBuildPhase</string>
			<key>runOnlyForDeploymentPostprocessing</key>
			<string>0</string>
		</dict>
		<key>EB1493F8AF2A449EA296966E</key>
		<dict>
			<key>explicitFileType</key>
			<string>archive.ar</string>
			<key>includeInIndex</key>
			<string>0</string>
			<key>isa</key>
			<string>PBXFileReference</string>
			<key>name</key>
			<string>libPods.a</string>
			<key>path</key>
			<string>libPods.a</string>
			<key>sourceTree</key>
			<string>BUILT_PRODUCTS_DIR</string>
		</dict>
		<key>F0273FF05A17471399B208ED</key>
		<dict>
			<key>includeInIndex</key>
			<string>1</string>
			<key>isa</key>
			<string>PBXFileReference</string>
			<key>name</key>
			<string>AppDelegate.m</string>
			<key>path</key>
			<string>src/AppDelegate.m</string>
			<key>sourceTree</key>
			<string>SOURCE_ROOT</string>
		</dict>
		<key>F13BB0B46F8F4683860E0EE8</key>
		<dict>
			<key>attributes</key>
			<dict>
				<key>LastUpgradeCheck</key>
				<string>0450</string>
			</dict>
			<key>buildConfigurationList</key>
			<string>2E44A526AF194F968BC3C24F</string>
			<key>compatibilityVersion</key>
			<string>Xcode 3.2</string>
			<key>developmentRegion</key>
			<string>English</string>
			<key>hasScannedForEncodings</key>
			<string>0</string>
			<key>isa</key>
			<string>PBXProject</string>
			<key>knownRegions</key>
			<array>
				<string>en</string>
			</array>
			<key>mainGroup</key>
			<string>DDFC6D157B6E4AC3A84C304C</string>
			<key>productRefGroup</key>
			<string>66A4E40107974933A4EF10E5</string>
			<key>projectDirPath</key>
			<string></string>
			<key>projectRoot</key>
			<string></string>
			<key>targets</key>
			<array>
				<string>7BBA2D2949914835A586279B</string>
			</array>
		</dict>
		<key>F2D2ECFB486C4813BE32B579</key>
		<dict>
			<key>fileRef</key>
			<string>60052C0E215B49EC8F096C2B</string>
			<key>isa</key>
			<string>PBXBuildFile</string>
			<key>settings</key>
			<dict>
				<key>ATTRIBUTES</key>
				<array>
					<string>Public</string>
				</array>
			</dict>
		</dict>
		<key>F70F41523F8B4575AFAC7C28</key>
		<dict>
			<key>fileRef</key>
			<string>8F9ABA06481542FB9C6BB290</string>
			<key>isa</key>
			<string>PBXBuildFile</string>
			<key>settings</key>
			<dict>
				<key>ATTRIBUTES</key>
				<array>
					<string>Public</string>
				</array>
			</dict>
		</dict>
		<key>F9345ADFB8524FE6B4D59668</key>
		<dict>
			<key>fileRef</key>
			<string>EB1493F8AF2A449EA296966E</string>
			<key>isa</key>
			<string>PBXBuildFile</string>
		</dict>
		<key>FE3FF5EF4B384AE081A6D3D7</key>
		<dict>
			<key>fileRef</key>
			<string>52552DFED7194F859D3A1947</string>
			<key>isa</key>
			<string>PBXBuildFile</string>
		</dict>
	</dict>
	<key>rootObject</key>
	<string>F13BB0B46F8F4683860E0EE8</string>
</dict>
</plist>
